# This file is automatically @generated by Cargo.
# It is not intended for manual editing.
version = 3

[[package]]
name = "cc"
version = "1.0.79"
source = "registry+https://github.com/rust-lang/crates.io-index"
checksum = "50d30906286121d95be3d479533b458f87493b30a4b5f79a607db8f5d11aa91f"

[[package]]
name = "linux-errnos"
version = "0.3.4"
source = "registry+https://github.com/rust-lang/crates.io-index"
checksum = "82d9999959fd7a0dce57905269e4b54fc222fb9e2dd09b947fc9128b4d27b8b6"

[[package]]
name = "linux-raw-vdso"
version = "0.1.4"
source = "registry+https://github.com/rust-lang/crates.io-index"
checksum = "125164ff371966a3153fd1b9419d6dd3570f1824185403a42e71f2dc3b8b5db3"

[[package]]
name = "linux-syscalls"
version = "0.3.2"
source = "registry+https://github.com/rust-lang/crates.io-index"
checksum = "a33f5d4132e165f23d7967bd212145d230cff847abfd090c98275f2a57746b3f"
dependencies = [
 "cc",
 "linux-errnos",
 "linux-raw-vdso",
 "linux-sysno",
 "rustc_version",
]

[[package]]
name = "linux-sysno"
version = "0.2.3"
source = "registry+https://github.com/rust-lang/crates.io-index"
checksum = "3720037f1659e9069351c11bced3c77acaf32e96141e3c453207558e04749cf7"

[[package]]
name = "mini"
version = "0.1.0"
dependencies = [
 "linux-syscalls",
]

[[package]]
name = "rustc_version"
version = "0.4.0"
source = "registry+https://github.com/rust-lang/crates.io-index"
checksum = "bfa0f585226d2e68097d4f95d113b15b83a82e819ab25717ec0590d9584ef366"
dependencies = [
 "semver",
]

[[package]]
name = "semver"
version = "1.0.18"
source = "registry+https://github.com/rust-lang/crates.io-index"
checksum = "b0293b4b29daaf487284529cc2f5675b8e57c61f70167ba415a463651fd6a918"
